
Microsoft Visual Studio Solution File, Format Version 12.00
# Visual Studio Version 17
VisualStudioVersion = 17.13.35825.156
MinimumVisualStudioVersion = 10.0.40219.1
Project("{FAE04EC0-301F-11D3-BF4B-00C04F79EFBC}") = "Season", "Season\Season.csproj", "{086A4554-A89B-4D62-862B-8C19D7273EF8}"
EndProject
Project("{FAE04EC0-301F-11D3-BF4B-00C04F79EFBC}") = "ClassLibrary1", "ClassLibrary1\ClassLibrary1.csproj", "{6FC2F564-33BB-4D2C-BDEC-4F429CEAD39E}"
EndProject
Project("{FAE04EC0-301F-11D3-BF4B-00C04F79EFBC}") = "Calculator", "Calculator\Calculator.csproj", "{A03CEA13-9CDA-4CA6-ACC8-A775AA916B58}"
EndProject
Global
	GlobalSection(SolutionConfigurationPlatforms) = preSolution
		Debug|Any CPU = Debug|Any CPU
		Release|Any CPU = Release|Any CPU
	EndGlobalSection
	GlobalSection(ProjectConfigurationPlatforms) = postSolution
		{086A4554-A89B-4D62-862B-8C19D7273EF8}.Debug|Any CPU.ActiveCfg = Debug|Any CPU
		{086A4554-A89B-4D62-862B-8C19D7273EF8}.Debug|Any CPU.Build.0 = Debug|Any CPU
		{086A4554-A89B-4D62-862B-8C19D7273EF8}.Release|Any CPU.ActiveCfg = Release|Any CPU
		{086A4554-A89B-4D62-862B-8C19D7273EF8}.Release|Any CPU.Build.0 = Release|Any CPU
		{6FC2F564-33BB-4D2C-BDEC-4F429CEAD39E}.Debug|Any CPU.ActiveCfg = Debug|Any CPU
		{6FC2F564-33BB-4D2C-BDEC-4F429CEAD39E}.Debug|Any CPU.Build.0 = Debug|Any CPU
		{6FC2F564-33BB-4D2C-BDEC-4F429CEAD39E}.Release|Any CPU.ActiveCfg = Release|Any CPU
		{6FC2F564-33BB-4D2C-BDEC-4F429CEAD39E}.Release|Any CPU.Build.0 = Release|Any CPU
		{A03CEA13-9CDA-4CA6-ACC8-A775AA916B58}.Debug|Any CPU.ActiveCfg = Debug|Any CPU
		{A03CEA13-9CDA-4CA6-ACC8-A775AA916B58}.Debug|Any CPU.Build.0 = Debug|Any CPU
		{A03CEA13-9CDA-4CA6-ACC8-A775AA916B58}.Release|Any CPU.ActiveCfg = Release|Any CPU
		{A03CEA13-9CDA-4CA6-ACC8-A775AA916B58}.Release|Any CPU.Build.0 = Release|Any CPU
	EndGlobalSection
	GlobalSection(SolutionProperties) = preSolution
		HideSolutionNode = FALSE
	EndGlobalSection
	GlobalSection(ExtensibilityGlobals) = postSolution
		SolutionGuid = {87D07B3A-DE35-439E-8F4B-3E2BC943BC3D}
	EndGlobalSection
EndGlobal
